
Microsoft Visual Studio Solution File, Format Version 12.00
# Visual Studio Version 17
VisualStudioVersion = 17.4.33122.133
MinimumVisualStudioVersion = 10.0.40219.1
Project("{9A19103F-16F7-4668-BE54-9A1E7A4F7556}") = "GildedRose", "GildedRose\GildedRose.csproj", "{464DAE39-AA5A-400E-8ED1-A042DB4EE36C}"
EndProject
Project("{FAE04EC0-301F-11D3-BF4B-00C04F79EFBC}") = "GildedRose.Tests", "GildedRose.Tests\GildedRose.Tests\GildedRose.Tests.csproj", "{37599931-85BD-4196-A0AE-CC49DC5DDFFC}"
EndProject
Global
	GlobalSection(SolutionConfigurationPlatforms) = preSolution
		Debug|Any CPU = Debug|Any CPU
		Release|Any CPU = Release|Any CPU
	EndGlobalSection
	GlobalSection(ProjectConfigurationPlatforms) = postSolution
		{464DAE39-AA5A-400E-8ED1-A042DB4EE36C}.Debug|Any CPU.ActiveCfg = Debug|Any CPU
		{464DAE39-AA5A-400E-8ED1-A042DB4EE36C}.Debug|Any CPU.Build.0 = Debug|Any CPU
		{464DAE39-AA5A-400E-8ED1-A042DB4EE36C}.Release|Any CPU.ActiveCfg = Release|Any CPU
		{464DAE39-AA5A-400E-8ED1-A042DB4EE36C}.Release|Any CPU.Build.0 = Release|Any CPU
		{37599931-85BD-4196-A0AE-CC49DC5DDFFC}.Debug|Any CPU.ActiveCfg = Debug|Any CPU
		{37599931-85BD-4196-A0AE-CC49DC5DDFFC}.Debug|Any CPU.Build.0 = Debug|Any CPU
		{37599931-85BD-4196-A0AE-CC49DC5DDFFC}.Release|Any CPU.ActiveCfg = Release|Any CPU
		{37599931-85BD-4196-A0AE-CC49DC5DDFFC}.Release|Any CPU.Build.0 = Release|Any CPU
	EndGlobalSection
	GlobalSection(SolutionProperties) = preSolution
		HideSolutionNode = FALSE
	EndGlobalSection
	GlobalSection(ExtensibilityGlobals) = postSolution
		SolutionGuid = {7782A4C4-B786-43EB-8F93-C08163218DE5}
	EndGlobalSection
EndGlobal
